
Microsoft Visual Studio Solution File, Format Version 12.00
# Visual Studio Version 16
VisualStudioVersion = 16.0.29326.143
MinimumVisualStudioVersion = 10.0.40219.1
Project("{FAE04EC0-301F-11D3-BF4B-00C04F79EFBC}") = "MyAndroidApp", "MyAndroidApp\MyAndroidApp.csproj", "{0CFB05AB-3D2F-49E4-8A51-C1EA152A93F2}"
EndProject
Global
	GlobalSection(SolutionConfigurationPlatforms) = preSolution
		Debug|Any CPU = Debug|Any CPU
		Release|Any CPU = Release|Any CPU
	EndGlobalSection
	GlobalSection(ProjectConfigurationPlatforms) = postSolution
		{0CFB05AB-3D2F-49E4-8A51-C1EA152A93F2}.Debug|Any CPU.ActiveCfg = Debug|Any CPU
		{0CFB05AB-3D2F-49E4-8A51-C1EA152A93F2}.Debug|Any CPU.Build.0 = Debug|Any CPU
		{0CFB05AB-3D2F-49E4-8A51-C1EA152A93F2}.Debug|Any CPU.Deploy.0 = Debug|Any CPU
		{0CFB05AB-3D2F-49E4-8A51-C1EA152A93F2}.Release|Any CPU.ActiveCfg = Release|Any CPU
		{0CFB05AB-3D2F-49E4-8A51-C1EA152A93F2}.Release|Any CPU.Build.0 = Release|Any CPU
		{0CFB05AB-3D2F-49E4-8A51-C1EA152A93F2}.Release|Any CPU.Deploy.0 = Release|Any CPU
	EndGlobalSection
	GlobalSection(SolutionProperties) = preSolution
		HideSolutionNode = FALSE
	EndGlobalSection
	GlobalSection(ExtensibilityGlobals) = postSolution
		SolutionGuid = {7044776B-3A1F-408F-8E2F-9722774A251C}
	EndGlobalSection
EndGlobal
