
Microsoft Visual Studio Solution File, Format Version 12.00
# Visual Studio Version 16
VisualStudioVersion = 16.0.29326.143
MinimumVisualStudioVersion = 10.0.40219.1
Project("{FAE04EC0-301F-11D3-BF4B-00C04F79EFBC}") = "SimpleXFSample.UWP", "SimpleXFSample\SimpleXFSample.UWP\SimpleXFSample.UWP.csproj", "{62877FB0-6681-4A51-B172-877DE54CE247}"
EndProject
Project("{FAE04EC0-301F-11D3-BF4B-00C04F79EFBC}") = "SimpleXFSample.Android", "SimpleXFSample\SimpleXFSample.Android\SimpleXFSample.Android.csproj", "{A4AD478E-E6B2-4AE9-984B-E69BC715C882}"
EndProject
Project("{FAE04EC0-301F-11D3-BF4B-00C04F79EFBC}") = "SimpleXFSample.iOS", "SimpleXFSample\SimpleXFSample.iOS\SimpleXFSample.iOS.csproj", "{292A3914-4E19-4316-9342-7A9FBE425CFC}"
EndProject
Project("{FAE04EC0-301F-11D3-BF4B-00C04F79EFBC}") = "SimpleXFSample", "SimpleXFSample\SimpleXFSample\SimpleXFSample.csproj", "{920E50CC-8C06-42B5-BC5E-833CB0736243}"
EndProject
Global
	GlobalSection(SolutionConfigurationPlatforms) = preSolution
		Debug|Any CPU = Debug|Any CPU
		Debug|ARM = Debug|ARM
		Debug|iPhone = Debug|iPhone
		Debug|iPhoneSimulator = Debug|iPhoneSimulator
		Debug|x64 = Debug|x64
		Debug|x86 = Debug|x86
		Release|Any CPU = Release|Any CPU
		Release|ARM = Release|ARM
		Release|iPhone = Release|iPhone
		Release|iPhoneSimulator = Release|iPhoneSimulator
		Release|x64 = Release|x64
		Release|x86 = Release|x86
	EndGlobalSection
	GlobalSection(ProjectConfigurationPlatforms) = postSolution
		{62877FB0-6681-4A51-B172-877DE54CE247}.Debug|Any CPU.ActiveCfg = Debug|x86
		{62877FB0-6681-4A51-B172-877DE54CE247}.Debug|Any CPU.Build.0 = Debug|x86
		{62877FB0-6681-4A51-B172-877DE54CE247}.Debug|Any CPU.Deploy.0 = Debug|x86
		{62877FB0-6681-4A51-B172-877DE54CE247}.Debug|ARM.ActiveCfg = Debug|ARM
		{62877FB0-6681-4A51-B172-877DE54CE247}.Debug|ARM.Build.0 = Debug|ARM
		{62877FB0-6681-4A51-B172-877DE54CE247}.Debug|ARM.Deploy.0 = Debug|ARM
		{62877FB0-6681-4A51-B172-877DE54CE247}.Debug|iPhone.ActiveCfg = Debug|x86
		{62877FB0-6681-4A51-B172-877DE54CE247}.Debug|iPhone.Build.0 = Debug|x86
		{62877FB0-6681-4A51-B172-877DE54CE247}.Debug|iPhone.Deploy.0 = Debug|x86
		{62877FB0-6681-4A51-B172-877DE54CE247}.Debug|iPhoneSimulator.ActiveCfg = Debug|x86
		{62877FB0-6681-4A51-B172-877DE54CE247}.Debug|iPhoneSimulator.Build.0 = Debug|x86
		{62877FB0-6681-4A51-B172-877DE54CE247}.Debug|iPhoneSimulator.Deploy.0 = Debug|x86
		{62877FB0-6681-4A51-B172-877DE54CE247}.Debug|x64.ActiveCfg = Debug|x64
		{62877FB0-6681-4A51-B172-877DE54CE247}.Debug|x64.Build.0 = Debug|x64
		{62877FB0-6681-4A51-B172-877DE54CE247}.Debug|x64.Deploy.0 = Debug|x64
		{62877FB0-6681-4A51-B172-877DE54CE247}.Debug|x86.ActiveCfg = Debug|x86
		{62877FB0-6681-4A51-B172-877DE54CE247}.Debug|x86.Build.0 = Debug|x86
		{62877FB0-6681-4A51-B172-877DE54CE247}.Debug|x86.Deploy.0 = Debug|x86
		{62877FB0-6681-4A51-B172-877DE54CE247}.Release|Any CPU.ActiveCfg = Release|x86
		{62877FB0-6681-4A51-B172-877DE54CE247}.Release|Any CPU.Build.0 = Release|x86
		{62877FB0-6681-4A51-B172-877DE54CE247}.Release|Any CPU.Deploy.0 = Release|x86
		{62877FB0-6681-4A51-B172-877DE54CE247}.Release|ARM.ActiveCfg = Release|ARM
		{62877FB0-6681-4A51-B172-877DE54CE247}.Release|ARM.Build.0 = Release|ARM
		{62877FB0-6681-4A51-B172-877DE54CE247}.Release|ARM.Deploy.0 = Release|ARM
		{62877FB0-6681-4A51-B172-877DE54CE247}.Release|iPhone.ActiveCfg = Release|x86
		{62877FB0-6681-4A51-B172-877DE54CE247}.Release|iPhone.Build.0 = Release|x86
		{62877FB0-6681-4A51-B172-877DE54CE247}.Release|iPhone.Deploy.0 = Release|x86
		{62877FB0-6681-4A51-B172-877DE54CE247}.Release|iPhoneSimulator.ActiveCfg = Release|x86
		{62877FB0-6681-4A51-B172-877DE54CE247}.Release|iPhoneSimulator.Build.0 = Release|x86
		{62877FB0-6681-4A51-B172-877DE54CE247}.Release|iPhoneSimulator.Deploy.0 = Release|x86
		{62877FB0-6681-4A51-B172-877DE54CE247}.Release|x64.ActiveCfg = Release|x64
		{62877FB0-6681-4A51-B172-877DE54CE247}.Release|x64.Build.0 = Release|x64
		{62877FB0-6681-4A51-B172-877DE54CE247}.Release|x64.Deploy.0 = Release|x64
		{62877FB0-6681-4A51-B172-877DE54CE247}.Release|x86.ActiveCfg = Release|x86
		{62877FB0-6681-4A51-B172-877DE54CE247}.Release|x86.Build.0 = Release|x86
		{62877FB0-6681-4A51-B172-877DE54CE247}.Release|x86.Deploy.0 = Release|x86
		{A4AD478E-E6B2-4AE9-984B-E69BC715C882}.Debug|Any CPU.ActiveCfg = Debug|Any CPU
		{A4AD478E-E6B2-4AE9-984B-E69BC715C882}.Debug|Any CPU.Build.0 = Debug|Any CPU
		{A4AD478E-E6B2-4AE9-984B-E69BC715C882}.Debug|Any CPU.Deploy.0 = Debug|Any CPU
		{A4AD478E-E6B2-4AE9-984B-E69BC715C882}.Debug|ARM.ActiveCfg = Debug|Any CPU
		{A4AD478E-E6B2-4AE9-984B-E69BC715C882}.Debug|ARM.Build.0 = Debug|Any CPU
		{A4AD478E-E6B2-4AE9-984B-E69BC715C882}.Debug|ARM.Deploy.0 = Debug|Any CPU
		{A4AD478E-E6B2-4AE9-984B-E69BC715C882}.Debug|iPhone.ActiveCfg = Debug|Any CPU
		{A4AD478E-E6B2-4AE9-984B-E69BC715C882}.Debug|iPhone.Build.0 = Debug|Any CPU
		{A4AD478E-E6B2-4AE9-984B-E69BC715C882}.Debug|iPhone.Deploy.0 = Debug|Any CPU
		{A4AD478E-E6B2-4AE9-984B-E69BC715C882}.Debug|iPhoneSimulator.ActiveCfg = Debug|Any CPU
		{A4AD478E-E6B2-4AE9-984B-E69BC715C882}.Debug|iPhoneSimulator.Build.0 = Debug|Any CPU
		{A4AD478E-E6B2-4AE9-984B-E69BC715C882}.Debug|iPhoneSimulator.Deploy.0 = Debug|Any CPU
		{A4AD478E-E6B2-4AE9-984B-E69BC715C882}.Debug|x64.ActiveCfg = Debug|Any CPU
		{A4AD478E-E6B2-4AE9-984B-E69BC715C882}.Debug|x64.Build.0 = Debug|Any CPU
		{A4AD478E-E6B2-4AE9-984B-E69BC715C882}.Debug|x64.Deploy.0 = Debug|Any CPU
		{A4AD478E-E6B2-4AE9-984B-E69BC715C882}.Debug|x86.ActiveCfg = Debug|Any CPU
		{A4AD478E-E6B2-4AE9-984B-E69BC715C882}.Debug|x86.Build.0 = Debug|Any CPU
		{A4AD478E-E6B2-4AE9-984B-E69BC715C882}.Debug|x86.Deploy.0 = Debug|Any CPU
		{A4AD478E-E6B2-4AE9-984B-E69BC715C882}.Release|Any CPU.ActiveCfg = Release|Any CPU
		{A4AD478E-E6B2-4AE9-984B-E69BC715C882}.Release|Any CPU.Build.0 = Release|Any CPU
		{A4AD478E-E6B2-4AE9-984B-E69BC715C882}.Release|Any CPU.Deploy.0 = Release|Any CPU
		{A4AD478E-E6B2-4AE9-984B-E69BC715C882}.Release|ARM.ActiveCfg = Release|Any CPU
		{A4AD478E-E6B2-4AE9-984B-E69BC715C882}.Release|ARM.Build.0 = Release|Any CPU
		{A4AD478E-E6B2-4AE9-984B-E69BC715C882}.Release|ARM.Deploy.0 = Release|Any CPU
		{A4AD478E-E6B2-4AE9-984B-E69BC715C882}.Release|iPhone.ActiveCfg = Release|Any CPU
		{A4AD478E-E6B2-4AE9-984B-E69BC715C882}.Release|iPhone.Build.0 = Release|Any CPU
		{A4AD478E-E6B2-4AE9-984B-E69BC715C882}.Release|iPhone.Deploy.0 = Release|Any CPU
		{A4AD478E-E6B2-4AE9-984B-E69BC715C882}.Release|iPhoneSimulator.ActiveCfg = Release|Any CPU
		{A4AD478E-E6B2-4AE9-984B-E69BC715C882}.Release|iPhoneSimulator.Build.0 = Release|Any CPU
		{A4AD478E-E6B2-4AE9-984B-E69BC715C882}.Release|iPhoneSimulator.Deploy.0 = Release|Any CPU
		{A4AD478E-E6B2-4AE9-984B-E69BC715C882}.Release|x64.ActiveCfg = Release|Any CPU
		{A4AD478E-E6B2-4AE9-984B-E69BC715C882}.Release|x64.Build.0 = Release|Any CPU
		{A4AD478E-E6B2-4AE9-984B-E69BC715C882}.Release|x64.Deploy.0 = Release|Any CPU
		{A4AD478E-E6B2-4AE9-984B-E69BC715C882}.Release|x86.ActiveCfg = Release|Any CPU
		{A4AD478E-E6B2-4AE9-984B-E69BC715C882}.Release|x86.Build.0 = Release|Any CPU
		{A4AD478E-E6B2-4AE9-984B-E69BC715C882}.Release|x86.Deploy.0 = Release|Any CPU
		{292A3914-4E19-4316-9342-7A9FBE425CFC}.Debug|Any CPU.ActiveCfg = Debug|iPhone
		{292A3914-4E19-4316-9342-7A9FBE425CFC}.Debug|Any CPU.Build.0 = Debug|iPhone
		{292A3914-4E19-4316-9342-7A9FBE425CFC}.Debug|Any CPU.Deploy.0 = Debug|iPhone
		{292A3914-4E19-4316-9342-7A9FBE425CFC}.Debug|ARM.ActiveCfg = Debug|iPhoneSimulator
		{292A3914-4E19-4316-9342-7A9FBE425CFC}.Debug|ARM.Build.0 = Debug|iPhoneSimulator
		{292A3914-4E19-4316-9342-7A9FBE425CFC}.Debug|ARM.Deploy.0 = Debug|iPhoneSimulator
		{292A3914-4E19-4316-9342-7A9FBE425CFC}.Debug|iPhone.ActiveCfg = Debug|iPhone
		{292A3914-4E19-4316-9342-7A9FBE425CFC}.Debug|iPhone.Build.0 = Debug|iPhone
		{292A3914-4E19-4316-9342-7A9FBE425CFC}.Debug|iPhone.Deploy.0 = Debug|iPhone
		{292A3914-4E19-4316-9342-7A9FBE425CFC}.Debug|iPhoneSimulator.ActiveCfg = Debug|iPhoneSimulator
		{292A3914-4E19-4316-9342-7A9FBE425CFC}.Debug|iPhoneSimulator.Build.0 = Debug|iPhoneSimulator
		{292A3914-4E19-4316-9342-7A9FBE425CFC}.Debug|iPhoneSimulator.Deploy.0 = Debug|iPhoneSimulator
		{292A3914-4E19-4316-9342-7A9FBE425CFC}.Debug|x64.ActiveCfg = Debug|iPhone
		{292A3914-4E19-4316-9342-7A9FBE425CFC}.Debug|x64.Build.0 = Debug|iPhone
		{292A3914-4E19-4316-9342-7A9FBE425CFC}.Debug|x64.Deploy.0 = Debug|iPhone
		{292A3914-4E19-4316-9342-7A9FBE425CFC}.Debug|x86.ActiveCfg = Debug|iPhone
		{292A3914-4E19-4316-9342-7A9FBE425CFC}.Debug|x86.Build.0 = Debug|iPhone
		{292A3914-4E19-4316-9342-7A9FBE425CFC}.Debug|x86.Deploy.0 = Debug|iPhone
		{292A3914-4E19-4316-9342-7A9FBE425CFC}.Release|Any CPU.ActiveCfg = Release|iPhone
		{292A3914-4E19-4316-9342-7A9FBE425CFC}.Release|Any CPU.Build.0 = Release|iPhone
		{292A3914-4E19-4316-9342-7A9FBE425CFC}.Release|Any CPU.Deploy.0 = Release|iPhone
		{292A3914-4E19-4316-9342-7A9FBE425CFC}.Release|ARM.ActiveCfg = Release|iPhone
		{292A3914-4E19-4316-9342-7A9FBE425CFC}.Release|ARM.Build.0 = Release|iPhone
		{292A3914-4E19-4316-9342-7A9FBE425CFC}.Release|ARM.Deploy.0 = Release|iPhone
		{292A3914-4E19-4316-9342-7A9FBE425CFC}.Release|iPhone.ActiveCfg = Release|iPhone
		{292A3914-4E19-4316-9342-7A9FBE425CFC}.Release|iPhone.Build.0 = Release|iPhone
		{292A3914-4E19-4316-9342-7A9FBE425CFC}.Release|iPhone.Deploy.0 = Release|iPhone
		{292A3914-4E19-4316-9342-7A9FBE425CFC}.Release|iPhoneSimulator.ActiveCfg = Release|iPhoneSimulator
		{292A3914-4E19-4316-9342-7A9FBE425CFC}.Release|iPhoneSimulator.Build.0 = Release|iPhoneSimulator
		{292A3914-4E19-4316-9342-7A9FBE425CFC}.Release|iPhoneSimulator.Deploy.0 = Release|iPhoneSimulator
		{292A3914-4E19-4316-9342-7A9FBE425CFC}.Release|x64.ActiveCfg = Release|iPhone
		{292A3914-4E19-4316-9342-7A9FBE425CFC}.Release|x64.Build.0 = Release|iPhone
		{292A3914-4E19-4316-9342-7A9FBE425CFC}.Release|x64.Deploy.0 = Release|iPhone
		{292A3914-4E19-4316-9342-7A9FBE425CFC}.Release|x86.ActiveCfg = Release|iPhone
		{292A3914-4E19-4316-9342-7A9FBE425CFC}.Release|x86.Build.0 = Release|iPhone
		{292A3914-4E19-4316-9342-7A9FBE425CFC}.Release|x86.Deploy.0 = Release|iPhone
		{920E50CC-8C06-42B5-BC5E-833CB0736243}.Debug|Any CPU.ActiveCfg = Debug|Any CPU
		{920E50CC-8C06-42B5-BC5E-833CB0736243}.Debug|Any CPU.Build.0 = Debug|Any CPU
		{920E50CC-8C06-42B5-BC5E-833CB0736243}.Debug|Any CPU.Deploy.0 = Debug|Any CPU
		{920E50CC-8C06-42B5-BC5E-833CB0736243}.Debug|ARM.ActiveCfg = Debug|Any CPU
		{920E50CC-8C06-42B5-BC5E-833CB0736243}.Debug|ARM.Build.0 = Debug|Any CPU
		{920E50CC-8C06-42B5-BC5E-833CB0736243}.Debug|ARM.Deploy.0 = Debug|Any CPU
		{920E50CC-8C06-42B5-BC5E-833CB0736243}.Debug|iPhone.ActiveCfg = Debug|Any CPU
		{920E50CC-8C06-42B5-BC5E-833CB0736243}.Debug|iPhone.Build.0 = Debug|Any CPU
		{920E50CC-8C06-42B5-BC5E-833CB0736243}.Debug|iPhone.Deploy.0 = Debug|Any CPU
		{920E50CC-8C06-42B5-BC5E-833CB0736243}.Debug|iPhoneSimulator.ActiveCfg = Debug|Any CPU
		{920E50CC-8C06-42B5-BC5E-833CB0736243}.Debug|iPhoneSimulator.Build.0 = Debug|Any CPU
		{920E50CC-8C06-42B5-BC5E-833CB0736243}.Debug|iPhoneSimulator.Deploy.0 = Debug|Any CPU
		{920E50CC-8C06-42B5-BC5E-833CB0736243}.Debug|x64.ActiveCfg = Debug|Any CPU
		{920E50CC-8C06-42B5-BC5E-833CB0736243}.Debug|x64.Build.0 = Debug|Any CPU
		{920E50CC-8C06-42B5-BC5E-833CB0736243}.Debug|x64.Deploy.0 = Debug|Any CPU
		{920E50CC-8C06-42B5-BC5E-833CB0736243}.Debug|x86.ActiveCfg = Debug|Any CPU
		{920E50CC-8C06-42B5-BC5E-833CB0736243}.Debug|x86.Build.0 = Debug|Any CPU
		{920E50CC-8C06-42B5-BC5E-833CB0736243}.Debug|x86.Deploy.0 = Debug|Any CPU
		{920E50CC-8C06-42B5-BC5E-833CB0736243}.Release|Any CPU.ActiveCfg = Release|Any CPU
		{920E50CC-8C06-42B5-BC5E-833CB0736243}.Release|Any CPU.Build.0 = Release|Any CPU
		{920E50CC-8C06-42B5-BC5E-833CB0736243}.Release|Any CPU.Deploy.0 = Release|Any CPU
		{920E50CC-8C06-42B5-BC5E-833CB0736243}.Release|ARM.ActiveCfg = Release|Any CPU
		{920E50CC-8C06-42B5-BC5E-833CB0736243}.Release|ARM.Build.0 = Release|Any CPU
		{920E50CC-8C06-42B5-BC5E-833CB0736243}.Release|ARM.Deploy.0 = Release|Any CPU
		{920E50CC-8C06-42B5-BC5E-833CB0736243}.Release|iPhone.ActiveCfg = Release|Any CPU
		{920E50CC-8C06-42B5-BC5E-833CB0736243}.Release|iPhone.Build.0 = Release|Any CPU
		{920E50CC-8C06-42B5-BC5E-833CB0736243}.Release|iPhone.Deploy.0 = Release|Any CPU
		{920E50CC-8C06-42B5-BC5E-833CB0736243}.Release|iPhoneSimulator.ActiveCfg = Release|Any CPU
		{920E50CC-8C06-42B5-BC5E-833CB0736243}.Release|iPhoneSimulator.Build.0 = Release|Any CPU
		{920E50CC-8C06-42B5-BC5E-833CB0736243}.Release|iPhoneSimulator.Deploy.0 = Release|Any CPU
		{920E50CC-8C06-42B5-BC5E-833CB0736243}.Release|x64.ActiveCfg = Release|Any CPU
		{920E50CC-8C06-42B5-BC5E-833CB0736243}.Release|x64.Build.0 = Release|Any CPU
		{920E50CC-8C06-42B5-BC5E-833CB0736243}.Release|x64.Deploy.0 = Release|Any CPU
		{920E50CC-8C06-42B5-BC5E-833CB0736243}.Release|x86.ActiveCfg = Release|Any CPU
		{920E50CC-8C06-42B5-BC5E-833CB0736243}.Release|x86.Build.0 = Release|Any CPU
		{920E50CC-8C06-42B5-BC5E-833CB0736243}.Release|x86.Deploy.0 = Release|Any CPU
	EndGlobalSection
	GlobalSection(SolutionProperties) = preSolution
		HideSolutionNode = FALSE
	EndGlobalSection
	GlobalSection(ExtensibilityGlobals) = postSolution
		SolutionGuid = {1DEA3710-3449-4EAB-923B-009E7F170E63}
	EndGlobalSection
EndGlobal
