
Microsoft Visual Studio Solution File, Format Version 12.00
# Visual Studio Version 16
VisualStudioVersion = 16.0.29326.143
MinimumVisualStudioVersion = 10.0.40219.1
Project("{FAE04EC0-301F-11D3-BF4B-00C04F79EFBC}") = "UWPSampleApp", "UWPSampleApp\UWPSampleApp.csproj", "{6D6CF3EA-E30D-4BD9-9DD4-F4B82E2128BF}"
EndProject
Project("{9A19103F-16F7-4668-BE54-9A1E7A4F7556}") = "UWPSampleApp.Core", "UWPSampleApp.Core\UWPSampleApp.Core.csproj", "{6C1C3DCB-4DEF-45B1-89BC-3DB647741021}"
EndProject
Global
	GlobalSection(SolutionConfigurationPlatforms) = preSolution
		Debug|Any CPU = Debug|Any CPU
		Debug|ARM = Debug|ARM
		Debug|x64 = Debug|x64
		Debug|x86 = Debug|x86
		Release|Any CPU = Release|Any CPU
		Release|ARM = Release|ARM
		Release|x64 = Release|x64
		Release|x86 = Release|x86
	EndGlobalSection
	GlobalSection(ProjectConfigurationPlatforms) = postSolution
		{6D6CF3EA-E30D-4BD9-9DD4-F4B82E2128BF}.Debug|Any CPU.ActiveCfg = Debug|x86
		{6D6CF3EA-E30D-4BD9-9DD4-F4B82E2128BF}.Debug|ARM.ActiveCfg = Debug|ARM
		{6D6CF3EA-E30D-4BD9-9DD4-F4B82E2128BF}.Debug|ARM.Build.0 = Debug|ARM
		{6D6CF3EA-E30D-4BD9-9DD4-F4B82E2128BF}.Debug|ARM.Deploy.0 = Debug|ARM
		{6D6CF3EA-E30D-4BD9-9DD4-F4B82E2128BF}.Debug|x64.ActiveCfg = Debug|x64
		{6D6CF3EA-E30D-4BD9-9DD4-F4B82E2128BF}.Debug|x64.Build.0 = Debug|x64
		{6D6CF3EA-E30D-4BD9-9DD4-F4B82E2128BF}.Debug|x64.Deploy.0 = Debug|x64
		{6D6CF3EA-E30D-4BD9-9DD4-F4B82E2128BF}.Debug|x86.ActiveCfg = Debug|x86
		{6D6CF3EA-E30D-4BD9-9DD4-F4B82E2128BF}.Debug|x86.Build.0 = Debug|x86
		{6D6CF3EA-E30D-4BD9-9DD4-F4B82E2128BF}.Debug|x86.Deploy.0 = Debug|x86
		{6D6CF3EA-E30D-4BD9-9DD4-F4B82E2128BF}.Release|Any CPU.ActiveCfg = Release|x86
		{6D6CF3EA-E30D-4BD9-9DD4-F4B82E2128BF}.Release|ARM.ActiveCfg = Release|ARM
		{6D6CF3EA-E30D-4BD9-9DD4-F4B82E2128BF}.Release|ARM.Build.0 = Release|ARM
		{6D6CF3EA-E30D-4BD9-9DD4-F4B82E2128BF}.Release|ARM.Deploy.0 = Release|ARM
		{6D6CF3EA-E30D-4BD9-9DD4-F4B82E2128BF}.Release|x64.ActiveCfg = Release|x64
		{6D6CF3EA-E30D-4BD9-9DD4-F4B82E2128BF}.Release|x64.Build.0 = Release|x64
		{6D6CF3EA-E30D-4BD9-9DD4-F4B82E2128BF}.Release|x64.Deploy.0 = Release|x64
		{6D6CF3EA-E30D-4BD9-9DD4-F4B82E2128BF}.Release|x86.ActiveCfg = Release|x86
		{6D6CF3EA-E30D-4BD9-9DD4-F4B82E2128BF}.Release|x86.Build.0 = Release|x86
		{6D6CF3EA-E30D-4BD9-9DD4-F4B82E2128BF}.Release|x86.Deploy.0 = Release|x86
		{6C1C3DCB-4DEF-45B1-89BC-3DB647741021}.Debug|Any CPU.ActiveCfg = Debug|Any CPU
		{6C1C3DCB-4DEF-45B1-89BC-3DB647741021}.Debug|Any CPU.Build.0 = Debug|Any CPU
		{6C1C3DCB-4DEF-45B1-89BC-3DB647741021}.Debug|ARM.ActiveCfg = Debug|Any CPU
		{6C1C3DCB-4DEF-45B1-89BC-3DB647741021}.Debug|ARM.Build.0 = Debug|Any CPU
		{6C1C3DCB-4DEF-45B1-89BC-3DB647741021}.Debug|x64.ActiveCfg = Debug|Any CPU
		{6C1C3DCB-4DEF-45B1-89BC-3DB647741021}.Debug|x64.Build.0 = Debug|Any CPU
		{6C1C3DCB-4DEF-45B1-89BC-3DB647741021}.Debug|x86.ActiveCfg = Debug|Any CPU
		{6C1C3DCB-4DEF-45B1-89BC-3DB647741021}.Debug|x86.Build.0 = Debug|Any CPU
		{6C1C3DCB-4DEF-45B1-89BC-3DB647741021}.Release|Any CPU.ActiveCfg = Release|Any CPU
		{6C1C3DCB-4DEF-45B1-89BC-3DB647741021}.Release|Any CPU.Build.0 = Release|Any CPU
		{6C1C3DCB-4DEF-45B1-89BC-3DB647741021}.Release|ARM.ActiveCfg = Release|Any CPU
		{6C1C3DCB-4DEF-45B1-89BC-3DB647741021}.Release|ARM.Build.0 = Release|Any CPU
		{6C1C3DCB-4DEF-45B1-89BC-3DB647741021}.Release|x64.ActiveCfg = Release|Any CPU
		{6C1C3DCB-4DEF-45B1-89BC-3DB647741021}.Release|x64.Build.0 = Release|Any CPU
		{6C1C3DCB-4DEF-45B1-89BC-3DB647741021}.Release|x86.ActiveCfg = Release|Any CPU
		{6C1C3DCB-4DEF-45B1-89BC-3DB647741021}.Release|x86.Build.0 = Release|Any CPU
	EndGlobalSection
	GlobalSection(SolutionProperties) = preSolution
		HideSolutionNode = FALSE
	EndGlobalSection
	GlobalSection(ExtensibilityGlobals) = postSolution
		SolutionGuid = {E5136650-9C46-47B7-99C9-A49E3B0A580E}
	EndGlobalSection
EndGlobal
