
Microsoft Visual Studio Solution File, Format Version 12.00
# Visual Studio Version 16
VisualStudioVersion = 16.0.29403.142
MinimumVisualStudioVersion = 10.0.40219.1
Project("{FAE04EC0-301F-11D3-BF4B-00C04F79EFBC}") = "MyWebApp", "MyWebApp\MyWebApp.csproj", "{736B5E18-452D-432B-B49F-D5E387E619F7}"
EndProject
Global
	GlobalSection(SolutionConfigurationPlatforms) = preSolution
		Debug|Any CPU = Debug|Any CPU
		Release|Any CPU = Release|Any CPU
	EndGlobalSection
	GlobalSection(ProjectConfigurationPlatforms) = postSolution
		{736B5E18-452D-432B-B49F-D5E387E619F7}.Debug|Any CPU.ActiveCfg = Debug|Any CPU
		{736B5E18-452D-432B-B49F-D5E387E619F7}.Debug|Any CPU.Build.0 = Debug|Any CPU
		{736B5E18-452D-432B-B49F-D5E387E619F7}.Release|Any CPU.ActiveCfg = Release|Any CPU
		{736B5E18-452D-432B-B49F-D5E387E619F7}.Release|Any CPU.Build.0 = Release|Any CPU
	EndGlobalSection
	GlobalSection(SolutionProperties) = preSolution
		HideSolutionNode = FALSE
	EndGlobalSection
	GlobalSection(ExtensibilityGlobals) = postSolution
		SolutionGuid = {889BDD2A-61F3-4DD2-9C9A-E0394B568D0B}
	EndGlobalSection
EndGlobal
