
Microsoft Visual Studio Solution File, Format Version 12.00
# Visual Studio Version 16
VisualStudioVersion = 16.0.29326.143
MinimumVisualStudioVersion = 10.0.40219.1
Project("{FAE04EC0-301F-11D3-BF4B-00C04F79EFBC}") = "BooksSample.UWP", "BooksSample\BooksSample.UWP\BooksSample.UWP.csproj", "{849ACC6E-8749-44A5-8EF4-FB339D5AA6CE}"
EndProject
Project("{FAE04EC0-301F-11D3-BF4B-00C04F79EFBC}") = "BooksSample.Android", "BooksSample\BooksSample.Android\BooksSample.Android.csproj", "{A0172389-6FAF-46C5-841D-4DDC696840ED}"
EndProject
Project("{FAE04EC0-301F-11D3-BF4B-00C04F79EFBC}") = "BooksSample.iOS", "BooksSample\BooksSample.iOS\BooksSample.iOS.csproj", "{23FA07A6-A795-474C-9775-95DA38F9ED7A}"
EndProject
Project("{9A19103F-16F7-4668-BE54-9A1E7A4F7556}") = "BooksSample", "BooksSample\BooksSample\BooksSample.csproj", "{12DCD864-3563-4FD2-BFD3-4B276808FEAC}"
EndProject
Project("{9A19103F-16F7-4668-BE54-9A1E7A4F7556}") = "BooksLib", "BooksLib\BooksLib.csproj", "{D944D76F-6E73-4644-B725-8889627F7D69}"
EndProject
Project("{9A19103F-16F7-4668-BE54-9A1E7A4F7556}") = "TheBestMVVMFrameworkInTown", "TheBestMVVMFrameworkInTown\TheBestMVVMFrameworkInTown.csproj", "{3C013D51-D7C7-4902-A89F-5E92F89A555F}"
EndProject
Project("{9A19103F-16F7-4668-BE54-9A1E7A4F7556}") = "BooksLib.Tests", "BooksLib.Tests\BooksLib.Tests.csproj", "{3BFD6A30-4629-439B-BB3E-22D2A55A4282}"
EndProject
Project("{2150E333-8FDC-42A3-9474-1A3956D46DE8}") = "Server", "Server", "{0ADD074E-6659-47CC-99CD-C5A0B3E22470}"
EndProject
Project("{2150E333-8FDC-42A3-9474-1A3956D46DE8}") = "Client", "Client", "{06337941-AF99-4BA1-AD34-03DDA3B4104A}"
EndProject
Project("{FAE04EC0-301F-11D3-BF4B-00C04F79EFBC}") = "BooksAPIServer", "BooksAPIServer\BooksAPIServer.csproj", "{A3E7316E-AF4D-4CB8-85F4-8E01E608A6E9}"
EndProject
Global
	GlobalSection(SolutionConfigurationPlatforms) = preSolution
		Debug|Any CPU = Debug|Any CPU
		Debug|ARM = Debug|ARM
		Debug|iPhone = Debug|iPhone
		Debug|iPhoneSimulator = Debug|iPhoneSimulator
		Debug|x64 = Debug|x64
		Debug|x86 = Debug|x86
		DebugAPI|Any CPU = DebugAPI|Any CPU
		DebugAPI|ARM = DebugAPI|ARM
		DebugAPI|iPhone = DebugAPI|iPhone
		DebugAPI|iPhoneSimulator = DebugAPI|iPhoneSimulator
		DebugAPI|x64 = DebugAPI|x64
		DebugAPI|x86 = DebugAPI|x86
		Release|Any CPU = Release|Any CPU
		Release|ARM = Release|ARM
		Release|iPhone = Release|iPhone
		Release|iPhoneSimulator = Release|iPhoneSimulator
		Release|x64 = Release|x64
		Release|x86 = Release|x86
	EndGlobalSection
	GlobalSection(ProjectConfigurationPlatforms) = postSolution
		{849ACC6E-8749-44A5-8EF4-FB339D5AA6CE}.Debug|Any CPU.ActiveCfg = Debug|x86
		{849ACC6E-8749-44A5-8EF4-FB339D5AA6CE}.Debug|Any CPU.Build.0 = Debug|x86
		{849ACC6E-8749-44A5-8EF4-FB339D5AA6CE}.Debug|Any CPU.Deploy.0 = Debug|x86
		{849ACC6E-8749-44A5-8EF4-FB339D5AA6CE}.Debug|ARM.ActiveCfg = Debug|ARM
		{849ACC6E-8749-44A5-8EF4-FB339D5AA6CE}.Debug|ARM.Build.0 = Debug|ARM
		{849ACC6E-8749-44A5-8EF4-FB339D5AA6CE}.Debug|ARM.Deploy.0 = Debug|ARM
		{849ACC6E-8749-44A5-8EF4-FB339D5AA6CE}.Debug|iPhone.ActiveCfg = Debug|x86
		{849ACC6E-8749-44A5-8EF4-FB339D5AA6CE}.Debug|iPhone.Build.0 = Debug|x86
		{849ACC6E-8749-44A5-8EF4-FB339D5AA6CE}.Debug|iPhone.Deploy.0 = Debug|x86
		{849ACC6E-8749-44A5-8EF4-FB339D5AA6CE}.Debug|iPhoneSimulator.ActiveCfg = Debug|x86
		{849ACC6E-8749-44A5-8EF4-FB339D5AA6CE}.Debug|iPhoneSimulator.Build.0 = Debug|x86
		{849ACC6E-8749-44A5-8EF4-FB339D5AA6CE}.Debug|iPhoneSimulator.Deploy.0 = Debug|x86
		{849ACC6E-8749-44A5-8EF4-FB339D5AA6CE}.Debug|x64.ActiveCfg = Debug|x64
		{849ACC6E-8749-44A5-8EF4-FB339D5AA6CE}.Debug|x64.Build.0 = Debug|x64
		{849ACC6E-8749-44A5-8EF4-FB339D5AA6CE}.Debug|x64.Deploy.0 = Debug|x64
		{849ACC6E-8749-44A5-8EF4-FB339D5AA6CE}.Debug|x86.ActiveCfg = Debug|x86
		{849ACC6E-8749-44A5-8EF4-FB339D5AA6CE}.Debug|x86.Build.0 = Debug|x86
		{849ACC6E-8749-44A5-8EF4-FB339D5AA6CE}.Debug|x86.Deploy.0 = Debug|x86
		{849ACC6E-8749-44A5-8EF4-FB339D5AA6CE}.DebugAPI|Any CPU.ActiveCfg = DebugAPI|x86
		{849ACC6E-8749-44A5-8EF4-FB339D5AA6CE}.DebugAPI|ARM.ActiveCfg = DebugAPI|ARM
		{849ACC6E-8749-44A5-8EF4-FB339D5AA6CE}.DebugAPI|ARM.Build.0 = DebugAPI|ARM
		{849ACC6E-8749-44A5-8EF4-FB339D5AA6CE}.DebugAPI|ARM.Deploy.0 = DebugAPI|ARM
		{849ACC6E-8749-44A5-8EF4-FB339D5AA6CE}.DebugAPI|iPhone.ActiveCfg = DebugAPI|x86
		{849ACC6E-8749-44A5-8EF4-FB339D5AA6CE}.DebugAPI|iPhoneSimulator.ActiveCfg = DebugAPI|x86
		{849ACC6E-8749-44A5-8EF4-FB339D5AA6CE}.DebugAPI|x64.ActiveCfg = DebugAPI|x64
		{849ACC6E-8749-44A5-8EF4-FB339D5AA6CE}.DebugAPI|x64.Build.0 = DebugAPI|x64
		{849ACC6E-8749-44A5-8EF4-FB339D5AA6CE}.DebugAPI|x64.Deploy.0 = DebugAPI|x64
		{849ACC6E-8749-44A5-8EF4-FB339D5AA6CE}.DebugAPI|x86.ActiveCfg = DebugAPI|x86
		{849ACC6E-8749-44A5-8EF4-FB339D5AA6CE}.DebugAPI|x86.Build.0 = DebugAPI|x86
		{849ACC6E-8749-44A5-8EF4-FB339D5AA6CE}.DebugAPI|x86.Deploy.0 = DebugAPI|x86
		{849ACC6E-8749-44A5-8EF4-FB339D5AA6CE}.Release|Any CPU.ActiveCfg = Release|x86
		{849ACC6E-8749-44A5-8EF4-FB339D5AA6CE}.Release|Any CPU.Build.0 = Release|x86
		{849ACC6E-8749-44A5-8EF4-FB339D5AA6CE}.Release|Any CPU.Deploy.0 = Release|x86
		{849ACC6E-8749-44A5-8EF4-FB339D5AA6CE}.Release|ARM.ActiveCfg = Release|ARM
		{849ACC6E-8749-44A5-8EF4-FB339D5AA6CE}.Release|ARM.Build.0 = Release|ARM
		{849ACC6E-8749-44A5-8EF4-FB339D5AA6CE}.Release|ARM.Deploy.0 = Release|ARM
		{849ACC6E-8749-44A5-8EF4-FB339D5AA6CE}.Release|iPhone.ActiveCfg = Release|x86
		{849ACC6E-8749-44A5-8EF4-FB339D5AA6CE}.Release|iPhone.Build.0 = Release|x86
		{849ACC6E-8749-44A5-8EF4-FB339D5AA6CE}.Release|iPhone.Deploy.0 = Release|x86
		{849ACC6E-8749-44A5-8EF4-FB339D5AA6CE}.Release|iPhoneSimulator.ActiveCfg = Release|x86
		{849ACC6E-8749-44A5-8EF4-FB339D5AA6CE}.Release|iPhoneSimulator.Build.0 = Release|x86
		{849ACC6E-8749-44A5-8EF4-FB339D5AA6CE}.Release|iPhoneSimulator.Deploy.0 = Release|x86
		{849ACC6E-8749-44A5-8EF4-FB339D5AA6CE}.Release|x64.ActiveCfg = Release|x64
		{849ACC6E-8749-44A5-8EF4-FB339D5AA6CE}.Release|x64.Build.0 = Release|x64
		{849ACC6E-8749-44A5-8EF4-FB339D5AA6CE}.Release|x64.Deploy.0 = Release|x64
		{849ACC6E-8749-44A5-8EF4-FB339D5AA6CE}.Release|x86.ActiveCfg = Release|x86
		{849ACC6E-8749-44A5-8EF4-FB339D5AA6CE}.Release|x86.Build.0 = Release|x86
		{849ACC6E-8749-44A5-8EF4-FB339D5AA6CE}.Release|x86.Deploy.0 = Release|x86
		{A0172389-6FAF-46C5-841D-4DDC696840ED}.Debug|Any CPU.ActiveCfg = Debug|Any CPU
		{A0172389-6FAF-46C5-841D-4DDC696840ED}.Debug|Any CPU.Build.0 = Debug|Any CPU
		{A0172389-6FAF-46C5-841D-4DDC696840ED}.Debug|Any CPU.Deploy.0 = Debug|Any CPU
		{A0172389-6FAF-46C5-841D-4DDC696840ED}.Debug|ARM.ActiveCfg = Debug|Any CPU
		{A0172389-6FAF-46C5-841D-4DDC696840ED}.Debug|ARM.Build.0 = Debug|Any CPU
		{A0172389-6FAF-46C5-841D-4DDC696840ED}.Debug|ARM.Deploy.0 = Debug|Any CPU
		{A0172389-6FAF-46C5-841D-4DDC696840ED}.Debug|iPhone.ActiveCfg = Debug|Any CPU
		{A0172389-6FAF-46C5-841D-4DDC696840ED}.Debug|iPhone.Build.0 = Debug|Any CPU
		{A0172389-6FAF-46C5-841D-4DDC696840ED}.Debug|iPhone.Deploy.0 = Debug|Any CPU
		{A0172389-6FAF-46C5-841D-4DDC696840ED}.Debug|iPhoneSimulator.ActiveCfg = Debug|Any CPU
		{A0172389-6FAF-46C5-841D-4DDC696840ED}.Debug|iPhoneSimulator.Build.0 = Debug|Any CPU
		{A0172389-6FAF-46C5-841D-4DDC696840ED}.Debug|iPhoneSimulator.Deploy.0 = Debug|Any CPU
		{A0172389-6FAF-46C5-841D-4DDC696840ED}.Debug|x64.ActiveCfg = Debug|Any CPU
		{A0172389-6FAF-46C5-841D-4DDC696840ED}.Debug|x64.Build.0 = Debug|Any CPU
		{A0172389-6FAF-46C5-841D-4DDC696840ED}.Debug|x64.Deploy.0 = Debug|Any CPU
		{A0172389-6FAF-46C5-841D-4DDC696840ED}.Debug|x86.ActiveCfg = Debug|Any CPU
		{A0172389-6FAF-46C5-841D-4DDC696840ED}.Debug|x86.Build.0 = Debug|Any CPU
		{A0172389-6FAF-46C5-841D-4DDC696840ED}.Debug|x86.Deploy.0 = Debug|Any CPU
		{A0172389-6FAF-46C5-841D-4DDC696840ED}.DebugAPI|Any CPU.ActiveCfg = DebugAPI|Any CPU
		{A0172389-6FAF-46C5-841D-4DDC696840ED}.DebugAPI|Any CPU.Build.0 = DebugAPI|Any CPU
		{A0172389-6FAF-46C5-841D-4DDC696840ED}.DebugAPI|Any CPU.Deploy.0 = DebugAPI|Any CPU
		{A0172389-6FAF-46C5-841D-4DDC696840ED}.DebugAPI|ARM.ActiveCfg = DebugAPI|Any CPU
		{A0172389-6FAF-46C5-841D-4DDC696840ED}.DebugAPI|ARM.Build.0 = DebugAPI|Any CPU
		{A0172389-6FAF-46C5-841D-4DDC696840ED}.DebugAPI|ARM.Deploy.0 = DebugAPI|Any CPU
		{A0172389-6FAF-46C5-841D-4DDC696840ED}.DebugAPI|iPhone.ActiveCfg = DebugAPI|Any CPU
		{A0172389-6FAF-46C5-841D-4DDC696840ED}.DebugAPI|iPhone.Build.0 = DebugAPI|Any CPU
		{A0172389-6FAF-46C5-841D-4DDC696840ED}.DebugAPI|iPhone.Deploy.0 = DebugAPI|Any CPU
		{A0172389-6FAF-46C5-841D-4DDC696840ED}.DebugAPI|iPhoneSimulator.ActiveCfg = DebugAPI|Any CPU
		{A0172389-6FAF-46C5-841D-4DDC696840ED}.DebugAPI|iPhoneSimulator.Build.0 = DebugAPI|Any CPU
		{A0172389-6FAF-46C5-841D-4DDC696840ED}.DebugAPI|iPhoneSimulator.Deploy.0 = DebugAPI|Any CPU
		{A0172389-6FAF-46C5-841D-4DDC696840ED}.DebugAPI|x64.ActiveCfg = DebugAPI|Any CPU
		{A0172389-6FAF-46C5-841D-4DDC696840ED}.DebugAPI|x64.Build.0 = DebugAPI|Any CPU
		{A0172389-6FAF-46C5-841D-4DDC696840ED}.DebugAPI|x64.Deploy.0 = DebugAPI|Any CPU
		{A0172389-6FAF-46C5-841D-4DDC696840ED}.DebugAPI|x86.ActiveCfg = DebugAPI|Any CPU
		{A0172389-6FAF-46C5-841D-4DDC696840ED}.DebugAPI|x86.Build.0 = DebugAPI|Any CPU
		{A0172389-6FAF-46C5-841D-4DDC696840ED}.DebugAPI|x86.Deploy.0 = DebugAPI|Any CPU
		{A0172389-6FAF-46C5-841D-4DDC696840ED}.Release|Any CPU.ActiveCfg = Release|Any CPU
		{A0172389-6FAF-46C5-841D-4DDC696840ED}.Release|Any CPU.Build.0 = Release|Any CPU
		{A0172389-6FAF-46C5-841D-4DDC696840ED}.Release|Any CPU.Deploy.0 = Release|Any CPU
		{A0172389-6FAF-46C5-841D-4DDC696840ED}.Release|ARM.ActiveCfg = Release|Any CPU
		{A0172389-6FAF-46C5-841D-4DDC696840ED}.Release|ARM.Build.0 = Release|Any CPU
		{A0172389-6FAF-46C5-841D-4DDC696840ED}.Release|ARM.Deploy.0 = Release|Any CPU
		{A0172389-6FAF-46C5-841D-4DDC696840ED}.Release|iPhone.ActiveCfg = Release|Any CPU
		{A0172389-6FAF-46C5-841D-4DDC696840ED}.Release|iPhone.Build.0 = Release|Any CPU
		{A0172389-6FAF-46C5-841D-4DDC696840ED}.Release|iPhone.Deploy.0 = Release|Any CPU
		{A0172389-6FAF-46C5-841D-4DDC696840ED}.Release|iPhoneSimulator.ActiveCfg = Release|Any CPU
		{A0172389-6FAF-46C5-841D-4DDC696840ED}.Release|iPhoneSimulator.Build.0 = Release|Any CPU
		{A0172389-6FAF-46C5-841D-4DDC696840ED}.Release|iPhoneSimulator.Deploy.0 = Release|Any CPU
		{A0172389-6FAF-46C5-841D-4DDC696840ED}.Release|x64.ActiveCfg = Release|Any CPU
		{A0172389-6FAF-46C5-841D-4DDC696840ED}.Release|x64.Build.0 = Release|Any CPU
		{A0172389-6FAF-46C5-841D-4DDC696840ED}.Release|x64.Deploy.0 = Release|Any CPU
		{A0172389-6FAF-46C5-841D-4DDC696840ED}.Release|x86.ActiveCfg = Release|Any CPU
		{A0172389-6FAF-46C5-841D-4DDC696840ED}.Release|x86.Build.0 = Release|Any CPU
		{A0172389-6FAF-46C5-841D-4DDC696840ED}.Release|x86.Deploy.0 = Release|Any CPU
		{23FA07A6-A795-474C-9775-95DA38F9ED7A}.Debug|Any CPU.ActiveCfg = Debug|iPhone
		{23FA07A6-A795-474C-9775-95DA38F9ED7A}.Debug|Any CPU.Build.0 = Debug|iPhone
		{23FA07A6-A795-474C-9775-95DA38F9ED7A}.Debug|Any CPU.Deploy.0 = Debug|iPhone
		{23FA07A6-A795-474C-9775-95DA38F9ED7A}.Debug|ARM.ActiveCfg = Debug|iPhoneSimulator
		{23FA07A6-A795-474C-9775-95DA38F9ED7A}.Debug|ARM.Build.0 = Debug|iPhoneSimulator
		{23FA07A6-A795-474C-9775-95DA38F9ED7A}.Debug|ARM.Deploy.0 = Debug|iPhoneSimulator
		{23FA07A6-A795-474C-9775-95DA38F9ED7A}.Debug|iPhone.ActiveCfg = Debug|iPhone
		{23FA07A6-A795-474C-9775-95DA38F9ED7A}.Debug|iPhone.Build.0 = Debug|iPhone
		{23FA07A6-A795-474C-9775-95DA38F9ED7A}.Debug|iPhone.Deploy.0 = Debug|iPhone
		{23FA07A6-A795-474C-9775-95DA38F9ED7A}.Debug|iPhoneSimulator.ActiveCfg = Debug|iPhoneSimulator
		{23FA07A6-A795-474C-9775-95DA38F9ED7A}.Debug|iPhoneSimulator.Build.0 = Debug|iPhoneSimulator
		{23FA07A6-A795-474C-9775-95DA38F9ED7A}.Debug|iPhoneSimulator.Deploy.0 = Debug|iPhoneSimulator
		{23FA07A6-A795-474C-9775-95DA38F9ED7A}.Debug|x64.ActiveCfg = Debug|iPhone
		{23FA07A6-A795-474C-9775-95DA38F9ED7A}.Debug|x64.Build.0 = Debug|iPhone
		{23FA07A6-A795-474C-9775-95DA38F9ED7A}.Debug|x64.Deploy.0 = Debug|iPhone
		{23FA07A6-A795-474C-9775-95DA38F9ED7A}.Debug|x86.ActiveCfg = Debug|iPhone
		{23FA07A6-A795-474C-9775-95DA38F9ED7A}.Debug|x86.Build.0 = Debug|iPhone
		{23FA07A6-A795-474C-9775-95DA38F9ED7A}.Debug|x86.Deploy.0 = Debug|iPhone
		{23FA07A6-A795-474C-9775-95DA38F9ED7A}.DebugAPI|Any CPU.ActiveCfg = DebugAPI|iPhone
		{23FA07A6-A795-474C-9775-95DA38F9ED7A}.DebugAPI|ARM.ActiveCfg = DebugAPI|iPhone
		{23FA07A6-A795-474C-9775-95DA38F9ED7A}.DebugAPI|iPhone.ActiveCfg = DebugAPI|iPhone
		{23FA07A6-A795-474C-9775-95DA38F9ED7A}.DebugAPI|iPhone.Build.0 = DebugAPI|iPhone
		{23FA07A6-A795-474C-9775-95DA38F9ED7A}.DebugAPI|iPhoneSimulator.ActiveCfg = DebugAPI|iPhoneSimulator
		{23FA07A6-A795-474C-9775-95DA38F9ED7A}.DebugAPI|iPhoneSimulator.Build.0 = DebugAPI|iPhoneSimulator
		{23FA07A6-A795-474C-9775-95DA38F9ED7A}.DebugAPI|x64.ActiveCfg = DebugAPI|iPhone
		{23FA07A6-A795-474C-9775-95DA38F9ED7A}.DebugAPI|x86.ActiveCfg = DebugAPI|iPhone
		{23FA07A6-A795-474C-9775-95DA38F9ED7A}.Release|Any CPU.ActiveCfg = Release|iPhone
		{23FA07A6-A795-474C-9775-95DA38F9ED7A}.Release|Any CPU.Build.0 = Release|iPhone
		{23FA07A6-A795-474C-9775-95DA38F9ED7A}.Release|Any CPU.Deploy.0 = Release|iPhone
		{23FA07A6-A795-474C-9775-95DA38F9ED7A}.Release|ARM.ActiveCfg = Release|iPhone
		{23FA07A6-A795-474C-9775-95DA38F9ED7A}.Release|ARM.Build.0 = Release|iPhone
		{23FA07A6-A795-474C-9775-95DA38F9ED7A}.Release|ARM.Deploy.0 = Release|iPhone
		{23FA07A6-A795-474C-9775-95DA38F9ED7A}.Release|iPhone.ActiveCfg = Release|iPhone
		{23FA07A6-A795-474C-9775-95DA38F9ED7A}.Release|iPhone.Build.0 = Release|iPhone
		{23FA07A6-A795-474C-9775-95DA38F9ED7A}.Release|iPhone.Deploy.0 = Release|iPhone
		{23FA07A6-A795-474C-9775-95DA38F9ED7A}.Release|iPhoneSimulator.ActiveCfg = Release|iPhoneSimulator
		{23FA07A6-A795-474C-9775-95DA38F9ED7A}.Release|iPhoneSimulator.Build.0 = Release|iPhoneSimulator
		{23FA07A6-A795-474C-9775-95DA38F9ED7A}.Release|iPhoneSimulator.Deploy.0 = Release|iPhoneSimulator
		{23FA07A6-A795-474C-9775-95DA38F9ED7A}.Release|x64.ActiveCfg = Release|iPhone
		{23FA07A6-A795-474C-9775-95DA38F9ED7A}.Release|x64.Build.0 = Release|iPhone
		{23FA07A6-A795-474C-9775-95DA38F9ED7A}.Release|x64.Deploy.0 = Release|iPhone
		{23FA07A6-A795-474C-9775-95DA38F9ED7A}.Release|x86.ActiveCfg = Release|iPhone
		{23FA07A6-A795-474C-9775-95DA38F9ED7A}.Release|x86.Build.0 = Release|iPhone
		{23FA07A6-A795-474C-9775-95DA38F9ED7A}.Release|x86.Deploy.0 = Release|iPhone
		{12DCD864-3563-4FD2-BFD3-4B276808FEAC}.Debug|Any CPU.ActiveCfg = Debug|Any CPU
		{12DCD864-3563-4FD2-BFD3-4B276808FEAC}.Debug|Any CPU.Build.0 = Debug|Any CPU
		{12DCD864-3563-4FD2-BFD3-4B276808FEAC}.Debug|Any CPU.Deploy.0 = Debug|Any CPU
		{12DCD864-3563-4FD2-BFD3-4B276808FEAC}.Debug|ARM.ActiveCfg = Debug|Any CPU
		{12DCD864-3563-4FD2-BFD3-4B276808FEAC}.Debug|ARM.Build.0 = Debug|Any CPU
		{12DCD864-3563-4FD2-BFD3-4B276808FEAC}.Debug|ARM.Deploy.0 = Debug|Any CPU
		{12DCD864-3563-4FD2-BFD3-4B276808FEAC}.Debug|iPhone.ActiveCfg = Debug|Any CPU
		{12DCD864-3563-4FD2-BFD3-4B276808FEAC}.Debug|iPhone.Build.0 = Debug|Any CPU
		{12DCD864-3563-4FD2-BFD3-4B276808FEAC}.Debug|iPhone.Deploy.0 = Debug|Any CPU
		{12DCD864-3563-4FD2-BFD3-4B276808FEAC}.Debug|iPhoneSimulator.ActiveCfg = Debug|Any CPU
		{12DCD864-3563-4FD2-BFD3-4B276808FEAC}.Debug|iPhoneSimulator.Build.0 = Debug|Any CPU
		{12DCD864-3563-4FD2-BFD3-4B276808FEAC}.Debug|iPhoneSimulator.Deploy.0 = Debug|Any CPU
		{12DCD864-3563-4FD2-BFD3-4B276808FEAC}.Debug|x64.ActiveCfg = Debug|Any CPU
		{12DCD864-3563-4FD2-BFD3-4B276808FEAC}.Debug|x64.Build.0 = Debug|Any CPU
		{12DCD864-3563-4FD2-BFD3-4B276808FEAC}.Debug|x64.Deploy.0 = Debug|Any CPU
		{12DCD864-3563-4FD2-BFD3-4B276808FEAC}.Debug|x86.ActiveCfg = Debug|Any CPU
		{12DCD864-3563-4FD2-BFD3-4B276808FEAC}.Debug|x86.Build.0 = Debug|Any CPU
		{12DCD864-3563-4FD2-BFD3-4B276808FEAC}.Debug|x86.Deploy.0 = Debug|Any CPU
		{12DCD864-3563-4FD2-BFD3-4B276808FEAC}.DebugAPI|Any CPU.ActiveCfg = DebugAPI|Any CPU
		{12DCD864-3563-4FD2-BFD3-4B276808FEAC}.DebugAPI|Any CPU.Build.0 = DebugAPI|Any CPU
		{12DCD864-3563-4FD2-BFD3-4B276808FEAC}.DebugAPI|ARM.ActiveCfg = DebugAPI|Any CPU
		{12DCD864-3563-4FD2-BFD3-4B276808FEAC}.DebugAPI|ARM.Build.0 = DebugAPI|Any CPU
		{12DCD864-3563-4FD2-BFD3-4B276808FEAC}.DebugAPI|iPhone.ActiveCfg = DebugAPI|Any CPU
		{12DCD864-3563-4FD2-BFD3-4B276808FEAC}.DebugAPI|iPhone.Build.0 = DebugAPI|Any CPU
		{12DCD864-3563-4FD2-BFD3-4B276808FEAC}.DebugAPI|iPhoneSimulator.ActiveCfg = DebugAPI|Any CPU
		{12DCD864-3563-4FD2-BFD3-4B276808FEAC}.DebugAPI|iPhoneSimulator.Build.0 = DebugAPI|Any CPU
		{12DCD864-3563-4FD2-BFD3-4B276808FEAC}.DebugAPI|x64.ActiveCfg = DebugAPI|Any CPU
		{12DCD864-3563-4FD2-BFD3-4B276808FEAC}.DebugAPI|x64.Build.0 = DebugAPI|Any CPU
		{12DCD864-3563-4FD2-BFD3-4B276808FEAC}.DebugAPI|x86.ActiveCfg = DebugAPI|Any CPU
		{12DCD864-3563-4FD2-BFD3-4B276808FEAC}.DebugAPI|x86.Build.0 = DebugAPI|Any CPU
		{12DCD864-3563-4FD2-BFD3-4B276808FEAC}.Release|Any CPU.ActiveCfg = Release|Any CPU
		{12DCD864-3563-4FD2-BFD3-4B276808FEAC}.Release|Any CPU.Build.0 = Release|Any CPU
		{12DCD864-3563-4FD2-BFD3-4B276808FEAC}.Release|Any CPU.Deploy.0 = Release|Any CPU
		{12DCD864-3563-4FD2-BFD3-4B276808FEAC}.Release|ARM.ActiveCfg = Release|Any CPU
		{12DCD864-3563-4FD2-BFD3-4B276808FEAC}.Release|ARM.Build.0 = Release|Any CPU
		{12DCD864-3563-4FD2-BFD3-4B276808FEAC}.Release|ARM.Deploy.0 = Release|Any CPU
		{12DCD864-3563-4FD2-BFD3-4B276808FEAC}.Release|iPhone.ActiveCfg = Release|Any CPU
		{12DCD864-3563-4FD2-BFD3-4B276808FEAC}.Release|iPhone.Build.0 = Release|Any CPU
		{12DCD864-3563-4FD2-BFD3-4B276808FEAC}.Release|iPhone.Deploy.0 = Release|Any CPU
		{12DCD864-3563-4FD2-BFD3-4B276808FEAC}.Release|iPhoneSimulator.ActiveCfg = Release|Any CPU
		{12DCD864-3563-4FD2-BFD3-4B276808FEAC}.Release|iPhoneSimulator.Build.0 = Release|Any CPU
		{12DCD864-3563-4FD2-BFD3-4B276808FEAC}.Release|iPhoneSimulator.Deploy.0 = Release|Any CPU
		{12DCD864-3563-4FD2-BFD3-4B276808FEAC}.Release|x64.ActiveCfg = Release|Any CPU
		{12DCD864-3563-4FD2-BFD3-4B276808FEAC}.Release|x64.Build.0 = Release|Any CPU
		{12DCD864-3563-4FD2-BFD3-4B276808FEAC}.Release|x64.Deploy.0 = Release|Any CPU
		{12DCD864-3563-4FD2-BFD3-4B276808FEAC}.Release|x86.ActiveCfg = Release|Any CPU
		{12DCD864-3563-4FD2-BFD3-4B276808FEAC}.Release|x86.Build.0 = Release|Any CPU
		{12DCD864-3563-4FD2-BFD3-4B276808FEAC}.Release|x86.Deploy.0 = Release|Any CPU
		{D944D76F-6E73-4644-B725-8889627F7D69}.Debug|Any CPU.ActiveCfg = Debug|Any CPU
		{D944D76F-6E73-4644-B725-8889627F7D69}.Debug|Any CPU.Build.0 = Debug|Any CPU
		{D944D76F-6E73-4644-B725-8889627F7D69}.Debug|ARM.ActiveCfg = Debug|Any CPU
		{D944D76F-6E73-4644-B725-8889627F7D69}.Debug|ARM.Build.0 = Debug|Any CPU
		{D944D76F-6E73-4644-B725-8889627F7D69}.Debug|iPhone.ActiveCfg = Debug|Any CPU
		{D944D76F-6E73-4644-B725-8889627F7D69}.Debug|iPhone.Build.0 = Debug|Any CPU
		{D944D76F-6E73-4644-B725-8889627F7D69}.Debug|iPhoneSimulator.ActiveCfg = Debug|Any CPU
		{D944D76F-6E73-4644-B725-8889627F7D69}.Debug|iPhoneSimulator.Build.0 = Debug|Any CPU
		{D944D76F-6E73-4644-B725-8889627F7D69}.Debug|x64.ActiveCfg = Debug|Any CPU
		{D944D76F-6E73-4644-B725-8889627F7D69}.Debug|x64.Build.0 = Debug|Any CPU
		{D944D76F-6E73-4644-B725-8889627F7D69}.Debug|x86.ActiveCfg = Debug|Any CPU
		{D944D76F-6E73-4644-B725-8889627F7D69}.Debug|x86.Build.0 = Debug|Any CPU
		{D944D76F-6E73-4644-B725-8889627F7D69}.DebugAPI|Any CPU.ActiveCfg = DebugAPI|Any CPU
		{D944D76F-6E73-4644-B725-8889627F7D69}.DebugAPI|Any CPU.Build.0 = DebugAPI|Any CPU
		{D944D76F-6E73-4644-B725-8889627F7D69}.DebugAPI|ARM.ActiveCfg = DebugAPI|Any CPU
		{D944D76F-6E73-4644-B725-8889627F7D69}.DebugAPI|ARM.Build.0 = DebugAPI|Any CPU
		{D944D76F-6E73-4644-B725-8889627F7D69}.DebugAPI|iPhone.ActiveCfg = DebugAPI|Any CPU
		{D944D76F-6E73-4644-B725-8889627F7D69}.DebugAPI|iPhone.Build.0 = DebugAPI|Any CPU
		{D944D76F-6E73-4644-B725-8889627F7D69}.DebugAPI|iPhoneSimulator.ActiveCfg = DebugAPI|Any CPU
		{D944D76F-6E73-4644-B725-8889627F7D69}.DebugAPI|iPhoneSimulator.Build.0 = DebugAPI|Any CPU
		{D944D76F-6E73-4644-B725-8889627F7D69}.DebugAPI|x64.ActiveCfg = DebugAPI|Any CPU
		{D944D76F-6E73-4644-B725-8889627F7D69}.DebugAPI|x64.Build.0 = DebugAPI|Any CPU
		{D944D76F-6E73-4644-B725-8889627F7D69}.DebugAPI|x86.ActiveCfg = DebugAPI|Any CPU
		{D944D76F-6E73-4644-B725-8889627F7D69}.DebugAPI|x86.Build.0 = DebugAPI|Any CPU
		{D944D76F-6E73-4644-B725-8889627F7D69}.Release|Any CPU.ActiveCfg = Release|Any CPU
		{D944D76F-6E73-4644-B725-8889627F7D69}.Release|Any CPU.Build.0 = Release|Any CPU
		{D944D76F-6E73-4644-B725-8889627F7D69}.Release|ARM.ActiveCfg = Release|Any CPU
		{D944D76F-6E73-4644-B725-8889627F7D69}.Release|ARM.Build.0 = Release|Any CPU
		{D944D76F-6E73-4644-B725-8889627F7D69}.Release|iPhone.ActiveCfg = Release|Any CPU
		{D944D76F-6E73-4644-B725-8889627F7D69}.Release|iPhone.Build.0 = Release|Any CPU
		{D944D76F-6E73-4644-B725-8889627F7D69}.Release|iPhoneSimulator.ActiveCfg = Release|Any CPU
		{D944D76F-6E73-4644-B725-8889627F7D69}.Release|iPhoneSimulator.Build.0 = Release|Any CPU
		{D944D76F-6E73-4644-B725-8889627F7D69}.Release|x64.ActiveCfg = Release|Any CPU
		{D944D76F-6E73-4644-B725-8889627F7D69}.Release|x64.Build.0 = Release|Any CPU
		{D944D76F-6E73-4644-B725-8889627F7D69}.Release|x86.ActiveCfg = Release|Any CPU
		{D944D76F-6E73-4644-B725-8889627F7D69}.Release|x86.Build.0 = Release|Any CPU
		{3C013D51-D7C7-4902-A89F-5E92F89A555F}.Debug|Any CPU.ActiveCfg = Debug|Any CPU
		{3C013D51-D7C7-4902-A89F-5E92F89A555F}.Debug|Any CPU.Build.0 = Debug|Any CPU
		{3C013D51-D7C7-4902-A89F-5E92F89A555F}.Debug|ARM.ActiveCfg = Debug|Any CPU
		{3C013D51-D7C7-4902-A89F-5E92F89A555F}.Debug|ARM.Build.0 = Debug|Any CPU
		{3C013D51-D7C7-4902-A89F-5E92F89A555F}.Debug|iPhone.ActiveCfg = Debug|Any CPU
		{3C013D51-D7C7-4902-A89F-5E92F89A555F}.Debug|iPhone.Build.0 = Debug|Any CPU
		{3C013D51-D7C7-4902-A89F-5E92F89A555F}.Debug|iPhoneSimulator.ActiveCfg = Debug|Any CPU
		{3C013D51-D7C7-4902-A89F-5E92F89A555F}.Debug|iPhoneSimulator.Build.0 = Debug|Any CPU
		{3C013D51-D7C7-4902-A89F-5E92F89A555F}.Debug|x64.ActiveCfg = Debug|Any CPU
		{3C013D51-D7C7-4902-A89F-5E92F89A555F}.Debug|x64.Build.0 = Debug|Any CPU
		{3C013D51-D7C7-4902-A89F-5E92F89A555F}.Debug|x86.ActiveCfg = Debug|Any CPU
		{3C013D51-D7C7-4902-A89F-5E92F89A555F}.Debug|x86.Build.0 = Debug|Any CPU
		{3C013D51-D7C7-4902-A89F-5E92F89A555F}.DebugAPI|Any CPU.ActiveCfg = DebugAPI|Any CPU
		{3C013D51-D7C7-4902-A89F-5E92F89A555F}.DebugAPI|Any CPU.Build.0 = DebugAPI|Any CPU
		{3C013D51-D7C7-4902-A89F-5E92F89A555F}.DebugAPI|ARM.ActiveCfg = DebugAPI|Any CPU
		{3C013D51-D7C7-4902-A89F-5E92F89A555F}.DebugAPI|ARM.Build.0 = DebugAPI|Any CPU
		{3C013D51-D7C7-4902-A89F-5E92F89A555F}.DebugAPI|iPhone.ActiveCfg = DebugAPI|Any CPU
		{3C013D51-D7C7-4902-A89F-5E92F89A555F}.DebugAPI|iPhone.Build.0 = DebugAPI|Any CPU
		{3C013D51-D7C7-4902-A89F-5E92F89A555F}.DebugAPI|iPhoneSimulator.ActiveCfg = DebugAPI|Any CPU
		{3C013D51-D7C7-4902-A89F-5E92F89A555F}.DebugAPI|iPhoneSimulator.Build.0 = DebugAPI|Any CPU
		{3C013D51-D7C7-4902-A89F-5E92F89A555F}.DebugAPI|x64.ActiveCfg = DebugAPI|Any CPU
		{3C013D51-D7C7-4902-A89F-5E92F89A555F}.DebugAPI|x64.Build.0 = DebugAPI|Any CPU
		{3C013D51-D7C7-4902-A89F-5E92F89A555F}.DebugAPI|x86.ActiveCfg = DebugAPI|Any CPU
		{3C013D51-D7C7-4902-A89F-5E92F89A555F}.DebugAPI|x86.Build.0 = DebugAPI|Any CPU
		{3C013D51-D7C7-4902-A89F-5E92F89A555F}.Release|Any CPU.ActiveCfg = Release|Any CPU
		{3C013D51-D7C7-4902-A89F-5E92F89A555F}.Release|Any CPU.Build.0 = Release|Any CPU
		{3C013D51-D7C7-4902-A89F-5E92F89A555F}.Release|ARM.ActiveCfg = Release|Any CPU
		{3C013D51-D7C7-4902-A89F-5E92F89A555F}.Release|ARM.Build.0 = Release|Any CPU
		{3C013D51-D7C7-4902-A89F-5E92F89A555F}.Release|iPhone.ActiveCfg = Release|Any CPU
		{3C013D51-D7C7-4902-A89F-5E92F89A555F}.Release|iPhone.Build.0 = Release|Any CPU
		{3C013D51-D7C7-4902-A89F-5E92F89A555F}.Release|iPhoneSimulator.ActiveCfg = Release|Any CPU
		{3C013D51-D7C7-4902-A89F-5E92F89A555F}.Release|iPhoneSimulator.Build.0 = Release|Any CPU
		{3C013D51-D7C7-4902-A89F-5E92F89A555F}.Release|x64.ActiveCfg = Release|Any CPU
		{3C013D51-D7C7-4902-A89F-5E92F89A555F}.Release|x64.Build.0 = Release|Any CPU
		{3C013D51-D7C7-4902-A89F-5E92F89A555F}.Release|x86.ActiveCfg = Release|Any CPU
		{3C013D51-D7C7-4902-A89F-5E92F89A555F}.Release|x86.Build.0 = Release|Any CPU
		{3BFD6A30-4629-439B-BB3E-22D2A55A4282}.Debug|Any CPU.ActiveCfg = Debug|Any CPU
		{3BFD6A30-4629-439B-BB3E-22D2A55A4282}.Debug|Any CPU.Build.0 = Debug|Any CPU
		{3BFD6A30-4629-439B-BB3E-22D2A55A4282}.Debug|ARM.ActiveCfg = Debug|Any CPU
		{3BFD6A30-4629-439B-BB3E-22D2A55A4282}.Debug|ARM.Build.0 = Debug|Any CPU
		{3BFD6A30-4629-439B-BB3E-22D2A55A4282}.Debug|iPhone.ActiveCfg = Debug|Any CPU
		{3BFD6A30-4629-439B-BB3E-22D2A55A4282}.Debug|iPhone.Build.0 = Debug|Any CPU
		{3BFD6A30-4629-439B-BB3E-22D2A55A4282}.Debug|iPhoneSimulator.ActiveCfg = Debug|Any CPU
		{3BFD6A30-4629-439B-BB3E-22D2A55A4282}.Debug|iPhoneSimulator.Build.0 = Debug|Any CPU
		{3BFD6A30-4629-439B-BB3E-22D2A55A4282}.Debug|x64.ActiveCfg = Debug|Any CPU
		{3BFD6A30-4629-439B-BB3E-22D2A55A4282}.Debug|x64.Build.0 = Debug|Any CPU
		{3BFD6A30-4629-439B-BB3E-22D2A55A4282}.Debug|x86.ActiveCfg = Debug|Any CPU
		{3BFD6A30-4629-439B-BB3E-22D2A55A4282}.Debug|x86.Build.0 = Debug|Any CPU
		{3BFD6A30-4629-439B-BB3E-22D2A55A4282}.DebugAPI|Any CPU.ActiveCfg = DebugAPI|Any CPU
		{3BFD6A30-4629-439B-BB3E-22D2A55A4282}.DebugAPI|Any CPU.Build.0 = DebugAPI|Any CPU
		{3BFD6A30-4629-439B-BB3E-22D2A55A4282}.DebugAPI|ARM.ActiveCfg = DebugAPI|Any CPU
		{3BFD6A30-4629-439B-BB3E-22D2A55A4282}.DebugAPI|ARM.Build.0 = DebugAPI|Any CPU
		{3BFD6A30-4629-439B-BB3E-22D2A55A4282}.DebugAPI|iPhone.ActiveCfg = DebugAPI|Any CPU
		{3BFD6A30-4629-439B-BB3E-22D2A55A4282}.DebugAPI|iPhone.Build.0 = DebugAPI|Any CPU
		{3BFD6A30-4629-439B-BB3E-22D2A55A4282}.DebugAPI|iPhoneSimulator.ActiveCfg = DebugAPI|Any CPU
		{3BFD6A30-4629-439B-BB3E-22D2A55A4282}.DebugAPI|iPhoneSimulator.Build.0 = DebugAPI|Any CPU
		{3BFD6A30-4629-439B-BB3E-22D2A55A4282}.DebugAPI|x64.ActiveCfg = DebugAPI|Any CPU
		{3BFD6A30-4629-439B-BB3E-22D2A55A4282}.DebugAPI|x64.Build.0 = DebugAPI|Any CPU
		{3BFD6A30-4629-439B-BB3E-22D2A55A4282}.DebugAPI|x86.ActiveCfg = DebugAPI|Any CPU
		{3BFD6A30-4629-439B-BB3E-22D2A55A4282}.DebugAPI|x86.Build.0 = DebugAPI|Any CPU
		{3BFD6A30-4629-439B-BB3E-22D2A55A4282}.Release|Any CPU.ActiveCfg = Release|Any CPU
		{3BFD6A30-4629-439B-BB3E-22D2A55A4282}.Release|Any CPU.Build.0 = Release|Any CPU
		{3BFD6A30-4629-439B-BB3E-22D2A55A4282}.Release|ARM.ActiveCfg = Release|Any CPU
		{3BFD6A30-4629-439B-BB3E-22D2A55A4282}.Release|ARM.Build.0 = Release|Any CPU
		{3BFD6A30-4629-439B-BB3E-22D2A55A4282}.Release|iPhone.ActiveCfg = Release|Any CPU
		{3BFD6A30-4629-439B-BB3E-22D2A55A4282}.Release|iPhone.Build.0 = Release|Any CPU
		{3BFD6A30-4629-439B-BB3E-22D2A55A4282}.Release|iPhoneSimulator.ActiveCfg = Release|Any CPU
		{3BFD6A30-4629-439B-BB3E-22D2A55A4282}.Release|iPhoneSimulator.Build.0 = Release|Any CPU
		{3BFD6A30-4629-439B-BB3E-22D2A55A4282}.Release|x64.ActiveCfg = Release|Any CPU
		{3BFD6A30-4629-439B-BB3E-22D2A55A4282}.Release|x64.Build.0 = Release|Any CPU
		{3BFD6A30-4629-439B-BB3E-22D2A55A4282}.Release|x86.ActiveCfg = Release|Any CPU
		{3BFD6A30-4629-439B-BB3E-22D2A55A4282}.Release|x86.Build.0 = Release|Any CPU
		{A3E7316E-AF4D-4CB8-85F4-8E01E608A6E9}.Debug|Any CPU.ActiveCfg = Debug|Any CPU
		{A3E7316E-AF4D-4CB8-85F4-8E01E608A6E9}.Debug|Any CPU.Build.0 = Debug|Any CPU
		{A3E7316E-AF4D-4CB8-85F4-8E01E608A6E9}.Debug|ARM.ActiveCfg = Debug|Any CPU
		{A3E7316E-AF4D-4CB8-85F4-8E01E608A6E9}.Debug|ARM.Build.0 = Debug|Any CPU
		{A3E7316E-AF4D-4CB8-85F4-8E01E608A6E9}.Debug|iPhone.ActiveCfg = Debug|Any CPU
		{A3E7316E-AF4D-4CB8-85F4-8E01E608A6E9}.Debug|iPhone.Build.0 = Debug|Any CPU
		{A3E7316E-AF4D-4CB8-85F4-8E01E608A6E9}.Debug|iPhoneSimulator.ActiveCfg = Debug|Any CPU
		{A3E7316E-AF4D-4CB8-85F4-8E01E608A6E9}.Debug|iPhoneSimulator.Build.0 = Debug|Any CPU
		{A3E7316E-AF4D-4CB8-85F4-8E01E608A6E9}.Debug|x64.ActiveCfg = Debug|Any CPU
		{A3E7316E-AF4D-4CB8-85F4-8E01E608A6E9}.Debug|x64.Build.0 = Debug|Any CPU
		{A3E7316E-AF4D-4CB8-85F4-8E01E608A6E9}.Debug|x86.ActiveCfg = Debug|Any CPU
		{A3E7316E-AF4D-4CB8-85F4-8E01E608A6E9}.Debug|x86.Build.0 = Debug|Any CPU
		{A3E7316E-AF4D-4CB8-85F4-8E01E608A6E9}.DebugAPI|Any CPU.ActiveCfg = Debug|Any CPU
		{A3E7316E-AF4D-4CB8-85F4-8E01E608A6E9}.DebugAPI|Any CPU.Build.0 = Debug|Any CPU
		{A3E7316E-AF4D-4CB8-85F4-8E01E608A6E9}.DebugAPI|ARM.ActiveCfg = Debug|Any CPU
		{A3E7316E-AF4D-4CB8-85F4-8E01E608A6E9}.DebugAPI|ARM.Build.0 = Debug|Any CPU
		{A3E7316E-AF4D-4CB8-85F4-8E01E608A6E9}.DebugAPI|iPhone.ActiveCfg = Debug|Any CPU
		{A3E7316E-AF4D-4CB8-85F4-8E01E608A6E9}.DebugAPI|iPhone.Build.0 = Debug|Any CPU
		{A3E7316E-AF4D-4CB8-85F4-8E01E608A6E9}.DebugAPI|iPhoneSimulator.ActiveCfg = Debug|Any CPU
		{A3E7316E-AF4D-4CB8-85F4-8E01E608A6E9}.DebugAPI|iPhoneSimulator.Build.0 = Debug|Any CPU
		{A3E7316E-AF4D-4CB8-85F4-8E01E608A6E9}.DebugAPI|x64.ActiveCfg = Debug|Any CPU
		{A3E7316E-AF4D-4CB8-85F4-8E01E608A6E9}.DebugAPI|x64.Build.0 = Debug|Any CPU
		{A3E7316E-AF4D-4CB8-85F4-8E01E608A6E9}.DebugAPI|x86.ActiveCfg = Debug|Any CPU
		{A3E7316E-AF4D-4CB8-85F4-8E01E608A6E9}.DebugAPI|x86.Build.0 = Debug|Any CPU
		{A3E7316E-AF4D-4CB8-85F4-8E01E608A6E9}.Release|Any CPU.ActiveCfg = Release|Any CPU
		{A3E7316E-AF4D-4CB8-85F4-8E01E608A6E9}.Release|Any CPU.Build.0 = Release|Any CPU
		{A3E7316E-AF4D-4CB8-85F4-8E01E608A6E9}.Release|ARM.ActiveCfg = Release|Any CPU
		{A3E7316E-AF4D-4CB8-85F4-8E01E608A6E9}.Release|ARM.Build.0 = Release|Any CPU
		{A3E7316E-AF4D-4CB8-85F4-8E01E608A6E9}.Release|iPhone.ActiveCfg = Release|Any CPU
		{A3E7316E-AF4D-4CB8-85F4-8E01E608A6E9}.Release|iPhone.Build.0 = Release|Any CPU
		{A3E7316E-AF4D-4CB8-85F4-8E01E608A6E9}.Release|iPhoneSimulator.ActiveCfg = Release|Any CPU
		{A3E7316E-AF4D-4CB8-85F4-8E01E608A6E9}.Release|iPhoneSimulator.Build.0 = Release|Any CPU
		{A3E7316E-AF4D-4CB8-85F4-8E01E608A6E9}.Release|x64.ActiveCfg = Release|Any CPU
		{A3E7316E-AF4D-4CB8-85F4-8E01E608A6E9}.Release|x64.Build.0 = Release|Any CPU
		{A3E7316E-AF4D-4CB8-85F4-8E01E608A6E9}.Release|x86.ActiveCfg = Release|Any CPU
		{A3E7316E-AF4D-4CB8-85F4-8E01E608A6E9}.Release|x86.Build.0 = Release|Any CPU
	EndGlobalSection
	GlobalSection(SolutionProperties) = preSolution
		HideSolutionNode = FALSE
	EndGlobalSection
	GlobalSection(NestedProjects) = preSolution
		{849ACC6E-8749-44A5-8EF4-FB339D5AA6CE} = {06337941-AF99-4BA1-AD34-03DDA3B4104A}
		{A0172389-6FAF-46C5-841D-4DDC696840ED} = {06337941-AF99-4BA1-AD34-03DDA3B4104A}
		{23FA07A6-A795-474C-9775-95DA38F9ED7A} = {06337941-AF99-4BA1-AD34-03DDA3B4104A}
		{12DCD864-3563-4FD2-BFD3-4B276808FEAC} = {06337941-AF99-4BA1-AD34-03DDA3B4104A}
		{D944D76F-6E73-4644-B725-8889627F7D69} = {06337941-AF99-4BA1-AD34-03DDA3B4104A}
		{3C013D51-D7C7-4902-A89F-5E92F89A555F} = {06337941-AF99-4BA1-AD34-03DDA3B4104A}
		{3BFD6A30-4629-439B-BB3E-22D2A55A4282} = {06337941-AF99-4BA1-AD34-03DDA3B4104A}
		{A3E7316E-AF4D-4CB8-85F4-8E01E608A6E9} = {0ADD074E-6659-47CC-99CD-C5A0B3E22470}
	EndGlobalSection
	GlobalSection(ExtensibilityGlobals) = postSolution
		SolutionGuid = {E94C7290-ECAC-42CD-85A8-D1CB3D43A678}
	EndGlobalSection
EndGlobal
