
Microsoft Visual Studio Solution File, Format Version 12.00
# Visual Studio Version 16
VisualStudioVersion = 16.0.29326.143
MinimumVisualStudioVersion = 10.0.40219.1
Project("{FAE04EC0-301F-11D3-BF4B-00C04F79EFBC}") = "UseDotnetStandard", "UseDotnetStandard\UseDotnetStandard.csproj", "{C16A0909-72EE-4C07-83D4-FBF2E918F91F}"
EndProject
Project("{FAE04EC0-301F-11D3-BF4B-00C04F79EFBC}") = "SharedLib", "SharedLib\SharedLib.csproj", "{AF8B38F6-BB11-48CE-BFC9-A3DF1D5B1139}"
EndProject
Project("{FAE04EC0-301F-11D3-BF4B-00C04F79EFBC}") = "WPFApp", "WPFApp\WPFApp.csproj", "{94DFCEFD-A607-4AA9-BE44-C4B0BCE5C9B2}"
EndProject
Global
	GlobalSection(SolutionConfigurationPlatforms) = preSolution
		Debug|Any CPU = Debug|Any CPU
		Release|Any CPU = Release|Any CPU
	EndGlobalSection
	GlobalSection(ProjectConfigurationPlatforms) = postSolution
		{C16A0909-72EE-4C07-83D4-FBF2E918F91F}.Debug|Any CPU.ActiveCfg = Debug|Any CPU
		{C16A0909-72EE-4C07-83D4-FBF2E918F91F}.Debug|Any CPU.Build.0 = Debug|Any CPU
		{C16A0909-72EE-4C07-83D4-FBF2E918F91F}.Release|Any CPU.ActiveCfg = Release|Any CPU
		{C16A0909-72EE-4C07-83D4-FBF2E918F91F}.Release|Any CPU.Build.0 = Release|Any CPU
		{AF8B38F6-BB11-48CE-BFC9-A3DF1D5B1139}.Debug|Any CPU.ActiveCfg = Debug|Any CPU
		{AF8B38F6-BB11-48CE-BFC9-A3DF1D5B1139}.Debug|Any CPU.Build.0 = Debug|Any CPU
		{AF8B38F6-BB11-48CE-BFC9-A3DF1D5B1139}.Release|Any CPU.ActiveCfg = Release|Any CPU
		{AF8B38F6-BB11-48CE-BFC9-A3DF1D5B1139}.Release|Any CPU.Build.0 = Release|Any CPU
		{94DFCEFD-A607-4AA9-BE44-C4B0BCE5C9B2}.Debug|Any CPU.ActiveCfg = Debug|Any CPU
		{94DFCEFD-A607-4AA9-BE44-C4B0BCE5C9B2}.Debug|Any CPU.Build.0 = Debug|Any CPU
		{94DFCEFD-A607-4AA9-BE44-C4B0BCE5C9B2}.Release|Any CPU.ActiveCfg = Release|Any CPU
		{94DFCEFD-A607-4AA9-BE44-C4B0BCE5C9B2}.Release|Any CPU.Build.0 = Release|Any CPU
	EndGlobalSection
	GlobalSection(SolutionProperties) = preSolution
		HideSolutionNode = FALSE
	EndGlobalSection
	GlobalSection(ExtensibilityGlobals) = postSolution
		SolutionGuid = {3E95E725-4FFE-48EC-BF12-8FA1EBE7D669}
	EndGlobalSection
EndGlobal
